
Microsoft Visual Studio Solution File, Format Version 12.00
# Visual Studio Version 16
VisualStudioVersion = 16.0.30104.148
MinimumVisualStudioVersion = 10.0.40219.1
Project("{FAE04EC0-301F-11D3-BF4B-00C04F79EFBC}") = "Api.Gw", "Api.Gw\Api.Gw.csproj", "{E2FFC1B5-3697-4940-BB70-5044D9BCFF80}"
EndProject
Project("{E53339B2-1760-4266-BCC7-CA923CBCF16C}") = "docker-compose", "docker-compose.dcproj", "{A8DF4D1D-7FAF-443D-8D69-438F833B77AD}"
EndProject
Global
	GlobalSection(SolutionConfigurationPlatforms) = preSolution
		Debug|Any CPU = Debug|Any CPU
		Release|Any CPU = Release|Any CPU
	EndGlobalSection
	GlobalSection(ProjectConfigurationPlatforms) = postSolution
		{E2FFC1B5-3697-4940-BB70-5044D9BCFF80}.Debug|Any CPU.ActiveCfg = Debug|Any CPU
		{E2FFC1B5-3697-4940-BB70-5044D9BCFF80}.Debug|Any CPU.Build.0 = Debug|Any CPU
		{E2FFC1B5-3697-4940-BB70-5044D9BCFF80}.Release|Any CPU.ActiveCfg = Release|Any CPU
		{E2FFC1B5-3697-4940-BB70-5044D9BCFF80}.Release|Any CPU.Build.0 = Release|Any CPU
		{A8DF4D1D-7FAF-443D-8D69-438F833B77AD}.Debug|Any CPU.ActiveCfg = Debug|Any CPU
		{A8DF4D1D-7FAF-443D-8D69-438F833B77AD}.Debug|Any CPU.Build.0 = Debug|Any CPU
		{A8DF4D1D-7FAF-443D-8D69-438F833B77AD}.Release|Any CPU.ActiveCfg = Release|Any CPU
		{A8DF4D1D-7FAF-443D-8D69-438F833B77AD}.Release|Any CPU.Build.0 = Release|Any CPU
	EndGlobalSection
	GlobalSection(SolutionProperties) = preSolution
		HideSolutionNode = FALSE
	EndGlobalSection
	GlobalSection(ExtensibilityGlobals) = postSolution
		SolutionGuid = {2AF9839B-1F28-4267-927A-F888045F1BF6}
	EndGlobalSection
EndGlobal
