
Microsoft Visual Studio Solution File, Format Version 12.00
# Visual Studio Version 16
VisualStudioVersion = 16.0.30104.148
MinimumVisualStudioVersion = 10.0.40219.1
Project("{2150E333-8FDC-42A3-9474-1A3956D46DE8}") = "Exs", "Exs", "{3B38EB55-4C2B-4208-8A1A-91EBB35A64CF}"
EndProject
Project("{2150E333-8FDC-42A3-9474-1A3956D46DE8}") = ".core", ".core", "{55CD739B-53E4-4EFD-84A6-7A178127A754}"
EndProject
Project("{9A19103F-16F7-4668-BE54-9A1E7A4F7556}") = "Core.Service.Host", "src\.core\Core.Service.Host\Core.Service.Host.csproj", "{915600B4-1079-4F3E-9BE0-AAAB1E203780}"
EndProject
Project("{9A19103F-16F7-4668-BE54-9A1E7A4F7556}") = "Core.Service.Host.Client", "src\.core\Core.Service.Host.ServiceDiscovery\Core.Service.Host.Client.csproj", "{D17A6EAE-9ABC-4B64-B0D0-CF5B1DC55C49}"
EndProject
Project("{9A19103F-16F7-4668-BE54-9A1E7A4F7556}") = "Core.Messages", "src\.core\Core.Messages\Core.Messages.csproj", "{63C26ADD-24BE-4408-B615-47E183DB1BE1}"
EndProject
Project("{2150E333-8FDC-42A3-9474-1A3956D46DE8}") = "Api", "Api", "{5775110D-811B-4530-87B9-5BC85CBCB145}"
EndProject
Project("{9A19103F-16F7-4668-BE54-9A1E7A4F7556}") = "Api.Test", "src\services\Api\Api.Test\Api.Test.csproj", "{B394F219-25EB-4D07-A169-7F19E9C7A750}"
EndProject
Project("{9A19103F-16F7-4668-BE54-9A1E7A4F7556}") = "Core.Service.Interfaces", "src\.core\Core.Service.Host.ServiceDiscovery.Interfaces\Core.Service.Interfaces.csproj", "{BA6C66D1-D70D-4880-A8A6-2B8A258A034A}"
EndProject
Project("{9A19103F-16F7-4668-BE54-9A1E7A4F7556}") = "Core.Tool", "src\.core\Core.Tool\Core.Tool.csproj", "{42A0D174-81C7-453A-8FD6-EC9663D00258}"
EndProject
Project("{9A19103F-16F7-4668-BE54-9A1E7A4F7556}") = "Core.Service.Host.Swagger", "src\.core\Core.Service.Host.Swagger\Core.Service.Host.Swagger.csproj", "{A9EC41C9-8AFD-4AB4-8160-66C5031F22B6}"
EndProject
Project("{2150E333-8FDC-42A3-9474-1A3956D46DE8}") = ".cmn", ".cmn", "{960AE6C8-3731-40DA-A12B-7E9CC568E656}"
EndProject
Project("{9A19103F-16F7-4668-BE54-9A1E7A4F7556}") = "Cmn.Constants", "src\.cmn\Cmn.Constants\Cmn.Constants.csproj", "{C39407A1-28BC-4D98-8510-345A74DA58B8}"
EndProject
Project("{9A19103F-16F7-4668-BE54-9A1E7A4F7556}") = "Core.Service.Host.Convention", "src\.core\Core.Service.Host.Convention\Core.Service.Host.Convention.csproj", "{2248081F-432D-4A17-BB19-7D6482126A2C}"
EndProject
Project("{9A19103F-16F7-4668-BE54-9A1E7A4F7556}") = "Exs.Contract.Messaging", "src\services\Exs\Exs.Contract.Messaging\Exs.Contract.Messaging.csproj", "{D86F1F5D-8E2D-4F41-90B3-78AEA2178763}"
EndProject
Project("{9A19103F-16F7-4668-BE54-9A1E7A4F7556}") = "Exs.Contract.Service", "src\services\Exs\Exs.Contract.Service\Exs.Contract.Service.csproj", "{869B9D36-3C79-4E64-A80D-578D57DFD21D}"
EndProject
Project("{9A19103F-16F7-4668-BE54-9A1E7A4F7556}") = "Exs.Domain", "src\services\Exs\Exs.Domain\Exs.Domain.csproj", "{AA3624AB-A5A9-4F39-9271-BD0774B26A35}"
EndProject
Project("{9A19103F-16F7-4668-BE54-9A1E7A4F7556}") = "Exs.Implementation", "src\services\Exs\Exs.Implementation\Exs.Implementation.csproj", "{7F88CAA1-8F59-4A0B-96A6-57FFB6BB5D03}"
EndProject
Project("{9A19103F-16F7-4668-BE54-9A1E7A4F7556}") = "Exs.Model", "src\services\Exs\Exs.Model\Exs.Model.csproj", "{DC624F21-BBB9-411B-8B5D-CDDCD38D4769}"
EndProject
Project("{9A19103F-16F7-4668-BE54-9A1E7A4F7556}") = "Core.Orm.Ef", "src\.core\Core.Orm.Ef\Core.Orm.Ef.csproj", "{DA9E6A81-7580-4807-9392-92DD10AC0F8C}"
EndProject
Project("{2150E333-8FDC-42A3-9474-1A3956D46DE8}") = "Bsp", "Bsp", "{1300B31A-D360-4B48-8F13-D60F24BD6074}"
EndProject
Project("{F5034706-568F-408A-B7B3-4D38C6DB8A32}") = "build", "build\build.pssproj", "{6CAFC0C6-A428-4D30-A9F9-700E829FEA51}"
EndProject
Project("{9A19103F-16F7-4668-BE54-9A1E7A4F7556}") = "Bsp.Contract.Messages", "src\services\Bsp\Bsp.Contract.Messages\Bsp.Contract.Messages.csproj", "{0185D759-7BF6-4CBB-85BA-9BA091CAE3B4}"
EndProject
Project("{9A19103F-16F7-4668-BE54-9A1E7A4F7556}") = "Bsp.Implementation", "src\services\Bsp\Bsp.Implementation\Bsp.Implementation.csproj", "{DE07CE74-5870-4EC6-9699-9EFA8D0AEBC1}"
EndProject
Project("{9A19103F-16F7-4668-BE54-9A1E7A4F7556}") = "Bsp.Contract.Service", "src\services\Bsp\Bsp.Contract.Service\Bsp.Contract.Service.csproj", "{550C0EEF-D826-4032-9C49-88B8F7868230}"
EndProject
Project("{9A19103F-16F7-4668-BE54-9A1E7A4F7556}") = "Bsp.Model", "src\services\Bsp\Bsp.Model\Bsp.Model.csproj", "{E8D6BD3B-FABD-4C01-9DD9-C3D5BECF4F44}"
EndProject
Project("{9A19103F-16F7-4668-BE54-9A1E7A4F7556}") = "Bsp.Domain", "src\services\Bsp\Bsp.Domain\Bsp.Domain.csproj", "{716047C8-4271-4223-A1D0-F35E58E7C3BC}"
EndProject
Global
	GlobalSection(SolutionConfigurationPlatforms) = preSolution
		Debug|Any CPU = Debug|Any CPU
		Release|Any CPU = Release|Any CPU
	EndGlobalSection
	GlobalSection(ProjectConfigurationPlatforms) = postSolution
		{915600B4-1079-4F3E-9BE0-AAAB1E203780}.Debug|Any CPU.ActiveCfg = Debug|Any CPU
		{915600B4-1079-4F3E-9BE0-AAAB1E203780}.Debug|Any CPU.Build.0 = Debug|Any CPU
		{915600B4-1079-4F3E-9BE0-AAAB1E203780}.Release|Any CPU.ActiveCfg = Release|Any CPU
		{915600B4-1079-4F3E-9BE0-AAAB1E203780}.Release|Any CPU.Build.0 = Release|Any CPU
		{D17A6EAE-9ABC-4B64-B0D0-CF5B1DC55C49}.Debug|Any CPU.ActiveCfg = Debug|Any CPU
		{D17A6EAE-9ABC-4B64-B0D0-CF5B1DC55C49}.Debug|Any CPU.Build.0 = Debug|Any CPU
		{D17A6EAE-9ABC-4B64-B0D0-CF5B1DC55C49}.Release|Any CPU.ActiveCfg = Release|Any CPU
		{D17A6EAE-9ABC-4B64-B0D0-CF5B1DC55C49}.Release|Any CPU.Build.0 = Release|Any CPU
		{63C26ADD-24BE-4408-B615-47E183DB1BE1}.Debug|Any CPU.ActiveCfg = Debug|Any CPU
		{63C26ADD-24BE-4408-B615-47E183DB1BE1}.Debug|Any CPU.Build.0 = Debug|Any CPU
		{63C26ADD-24BE-4408-B615-47E183DB1BE1}.Release|Any CPU.ActiveCfg = Release|Any CPU
		{63C26ADD-24BE-4408-B615-47E183DB1BE1}.Release|Any CPU.Build.0 = Release|Any CPU
		{B394F219-25EB-4D07-A169-7F19E9C7A750}.Debug|Any CPU.ActiveCfg = Debug|Any CPU
		{B394F219-25EB-4D07-A169-7F19E9C7A750}.Debug|Any CPU.Build.0 = Debug|Any CPU
		{B394F219-25EB-4D07-A169-7F19E9C7A750}.Release|Any CPU.ActiveCfg = Release|Any CPU
		{B394F219-25EB-4D07-A169-7F19E9C7A750}.Release|Any CPU.Build.0 = Release|Any CPU
		{BA6C66D1-D70D-4880-A8A6-2B8A258A034A}.Debug|Any CPU.ActiveCfg = Debug|Any CPU
		{BA6C66D1-D70D-4880-A8A6-2B8A258A034A}.Debug|Any CPU.Build.0 = Debug|Any CPU
		{BA6C66D1-D70D-4880-A8A6-2B8A258A034A}.Release|Any CPU.ActiveCfg = Release|Any CPU
		{BA6C66D1-D70D-4880-A8A6-2B8A258A034A}.Release|Any CPU.Build.0 = Release|Any CPU
		{42A0D174-81C7-453A-8FD6-EC9663D00258}.Debug|Any CPU.ActiveCfg = Debug|Any CPU
		{42A0D174-81C7-453A-8FD6-EC9663D00258}.Debug|Any CPU.Build.0 = Debug|Any CPU
		{42A0D174-81C7-453A-8FD6-EC9663D00258}.Release|Any CPU.ActiveCfg = Release|Any CPU
		{42A0D174-81C7-453A-8FD6-EC9663D00258}.Release|Any CPU.Build.0 = Release|Any CPU
		{A9EC41C9-8AFD-4AB4-8160-66C5031F22B6}.Debug|Any CPU.ActiveCfg = Debug|Any CPU
		{A9EC41C9-8AFD-4AB4-8160-66C5031F22B6}.Debug|Any CPU.Build.0 = Debug|Any CPU
		{A9EC41C9-8AFD-4AB4-8160-66C5031F22B6}.Release|Any CPU.ActiveCfg = Release|Any CPU
		{A9EC41C9-8AFD-4AB4-8160-66C5031F22B6}.Release|Any CPU.Build.0 = Release|Any CPU
		{C39407A1-28BC-4D98-8510-345A74DA58B8}.Debug|Any CPU.ActiveCfg = Debug|Any CPU
		{C39407A1-28BC-4D98-8510-345A74DA58B8}.Debug|Any CPU.Build.0 = Debug|Any CPU
		{C39407A1-28BC-4D98-8510-345A74DA58B8}.Release|Any CPU.ActiveCfg = Release|Any CPU
		{C39407A1-28BC-4D98-8510-345A74DA58B8}.Release|Any CPU.Build.0 = Release|Any CPU
		{2248081F-432D-4A17-BB19-7D6482126A2C}.Debug|Any CPU.ActiveCfg = Debug|Any CPU
		{2248081F-432D-4A17-BB19-7D6482126A2C}.Debug|Any CPU.Build.0 = Debug|Any CPU
		{2248081F-432D-4A17-BB19-7D6482126A2C}.Release|Any CPU.ActiveCfg = Release|Any CPU
		{2248081F-432D-4A17-BB19-7D6482126A2C}.Release|Any CPU.Build.0 = Release|Any CPU
		{D86F1F5D-8E2D-4F41-90B3-78AEA2178763}.Debug|Any CPU.ActiveCfg = Debug|Any CPU
		{D86F1F5D-8E2D-4F41-90B3-78AEA2178763}.Debug|Any CPU.Build.0 = Debug|Any CPU
		{D86F1F5D-8E2D-4F41-90B3-78AEA2178763}.Release|Any CPU.ActiveCfg = Release|Any CPU
		{D86F1F5D-8E2D-4F41-90B3-78AEA2178763}.Release|Any CPU.Build.0 = Release|Any CPU
		{869B9D36-3C79-4E64-A80D-578D57DFD21D}.Debug|Any CPU.ActiveCfg = Debug|Any CPU
		{869B9D36-3C79-4E64-A80D-578D57DFD21D}.Debug|Any CPU.Build.0 = Debug|Any CPU
		{869B9D36-3C79-4E64-A80D-578D57DFD21D}.Release|Any CPU.ActiveCfg = Release|Any CPU
		{869B9D36-3C79-4E64-A80D-578D57DFD21D}.Release|Any CPU.Build.0 = Release|Any CPU
		{AA3624AB-A5A9-4F39-9271-BD0774B26A35}.Debug|Any CPU.ActiveCfg = Debug|Any CPU
		{AA3624AB-A5A9-4F39-9271-BD0774B26A35}.Debug|Any CPU.Build.0 = Debug|Any CPU
		{AA3624AB-A5A9-4F39-9271-BD0774B26A35}.Release|Any CPU.ActiveCfg = Release|Any CPU
		{AA3624AB-A5A9-4F39-9271-BD0774B26A35}.Release|Any CPU.Build.0 = Release|Any CPU
		{7F88CAA1-8F59-4A0B-96A6-57FFB6BB5D03}.Debug|Any CPU.ActiveCfg = Debug|Any CPU
		{7F88CAA1-8F59-4A0B-96A6-57FFB6BB5D03}.Debug|Any CPU.Build.0 = Debug|Any CPU
		{7F88CAA1-8F59-4A0B-96A6-57FFB6BB5D03}.Release|Any CPU.ActiveCfg = Release|Any CPU
		{7F88CAA1-8F59-4A0B-96A6-57FFB6BB5D03}.Release|Any CPU.Build.0 = Release|Any CPU
		{DC624F21-BBB9-411B-8B5D-CDDCD38D4769}.Debug|Any CPU.ActiveCfg = Debug|Any CPU
		{DC624F21-BBB9-411B-8B5D-CDDCD38D4769}.Debug|Any CPU.Build.0 = Debug|Any CPU
		{DC624F21-BBB9-411B-8B5D-CDDCD38D4769}.Release|Any CPU.ActiveCfg = Release|Any CPU
		{DC624F21-BBB9-411B-8B5D-CDDCD38D4769}.Release|Any CPU.Build.0 = Release|Any CPU
		{DA9E6A81-7580-4807-9392-92DD10AC0F8C}.Debug|Any CPU.ActiveCfg = Debug|Any CPU
		{DA9E6A81-7580-4807-9392-92DD10AC0F8C}.Debug|Any CPU.Build.0 = Debug|Any CPU
		{DA9E6A81-7580-4807-9392-92DD10AC0F8C}.Release|Any CPU.ActiveCfg = Release|Any CPU
		{DA9E6A81-7580-4807-9392-92DD10AC0F8C}.Release|Any CPU.Build.0 = Release|Any CPU
		{6CAFC0C6-A428-4D30-A9F9-700E829FEA51}.Debug|Any CPU.ActiveCfg = Debug|Any CPU
		{6CAFC0C6-A428-4D30-A9F9-700E829FEA51}.Debug|Any CPU.Build.0 = Debug|Any CPU
		{6CAFC0C6-A428-4D30-A9F9-700E829FEA51}.Release|Any CPU.ActiveCfg = Release|Any CPU
		{6CAFC0C6-A428-4D30-A9F9-700E829FEA51}.Release|Any CPU.Build.0 = Release|Any CPU
		{0185D759-7BF6-4CBB-85BA-9BA091CAE3B4}.Debug|Any CPU.ActiveCfg = Debug|Any CPU
		{0185D759-7BF6-4CBB-85BA-9BA091CAE3B4}.Debug|Any CPU.Build.0 = Debug|Any CPU
		{0185D759-7BF6-4CBB-85BA-9BA091CAE3B4}.Release|Any CPU.ActiveCfg = Release|Any CPU
		{0185D759-7BF6-4CBB-85BA-9BA091CAE3B4}.Release|Any CPU.Build.0 = Release|Any CPU
		{DE07CE74-5870-4EC6-9699-9EFA8D0AEBC1}.Debug|Any CPU.ActiveCfg = Debug|Any CPU
		{DE07CE74-5870-4EC6-9699-9EFA8D0AEBC1}.Debug|Any CPU.Build.0 = Debug|Any CPU
		{DE07CE74-5870-4EC6-9699-9EFA8D0AEBC1}.Release|Any CPU.ActiveCfg = Release|Any CPU
		{DE07CE74-5870-4EC6-9699-9EFA8D0AEBC1}.Release|Any CPU.Build.0 = Release|Any CPU
		{550C0EEF-D826-4032-9C49-88B8F7868230}.Debug|Any CPU.ActiveCfg = Debug|Any CPU
		{550C0EEF-D826-4032-9C49-88B8F7868230}.Debug|Any CPU.Build.0 = Debug|Any CPU
		{550C0EEF-D826-4032-9C49-88B8F7868230}.Release|Any CPU.ActiveCfg = Release|Any CPU
		{550C0EEF-D826-4032-9C49-88B8F7868230}.Release|Any CPU.Build.0 = Release|Any CPU
		{E8D6BD3B-FABD-4C01-9DD9-C3D5BECF4F44}.Debug|Any CPU.ActiveCfg = Debug|Any CPU
		{E8D6BD3B-FABD-4C01-9DD9-C3D5BECF4F44}.Debug|Any CPU.Build.0 = Debug|Any CPU
		{E8D6BD3B-FABD-4C01-9DD9-C3D5BECF4F44}.Release|Any CPU.ActiveCfg = Release|Any CPU
		{E8D6BD3B-FABD-4C01-9DD9-C3D5BECF4F44}.Release|Any CPU.Build.0 = Release|Any CPU
		{716047C8-4271-4223-A1D0-F35E58E7C3BC}.Debug|Any CPU.ActiveCfg = Debug|Any CPU
		{716047C8-4271-4223-A1D0-F35E58E7C3BC}.Debug|Any CPU.Build.0 = Debug|Any CPU
		{716047C8-4271-4223-A1D0-F35E58E7C3BC}.Release|Any CPU.ActiveCfg = Release|Any CPU
		{716047C8-4271-4223-A1D0-F35E58E7C3BC}.Release|Any CPU.Build.0 = Release|Any CPU
	EndGlobalSection
	GlobalSection(SolutionProperties) = preSolution
		HideSolutionNode = FALSE
	EndGlobalSection
	GlobalSection(NestedProjects) = preSolution
		{915600B4-1079-4F3E-9BE0-AAAB1E203780} = {55CD739B-53E4-4EFD-84A6-7A178127A754}
		{D17A6EAE-9ABC-4B64-B0D0-CF5B1DC55C49} = {55CD739B-53E4-4EFD-84A6-7A178127A754}
		{63C26ADD-24BE-4408-B615-47E183DB1BE1} = {55CD739B-53E4-4EFD-84A6-7A178127A754}
		{B394F219-25EB-4D07-A169-7F19E9C7A750} = {5775110D-811B-4530-87B9-5BC85CBCB145}
		{BA6C66D1-D70D-4880-A8A6-2B8A258A034A} = {55CD739B-53E4-4EFD-84A6-7A178127A754}
		{42A0D174-81C7-453A-8FD6-EC9663D00258} = {55CD739B-53E4-4EFD-84A6-7A178127A754}
		{A9EC41C9-8AFD-4AB4-8160-66C5031F22B6} = {55CD739B-53E4-4EFD-84A6-7A178127A754}
		{C39407A1-28BC-4D98-8510-345A74DA58B8} = {960AE6C8-3731-40DA-A12B-7E9CC568E656}
		{2248081F-432D-4A17-BB19-7D6482126A2C} = {55CD739B-53E4-4EFD-84A6-7A178127A754}
		{D86F1F5D-8E2D-4F41-90B3-78AEA2178763} = {3B38EB55-4C2B-4208-8A1A-91EBB35A64CF}
		{869B9D36-3C79-4E64-A80D-578D57DFD21D} = {3B38EB55-4C2B-4208-8A1A-91EBB35A64CF}
		{AA3624AB-A5A9-4F39-9271-BD0774B26A35} = {3B38EB55-4C2B-4208-8A1A-91EBB35A64CF}
		{7F88CAA1-8F59-4A0B-96A6-57FFB6BB5D03} = {3B38EB55-4C2B-4208-8A1A-91EBB35A64CF}
		{DC624F21-BBB9-411B-8B5D-CDDCD38D4769} = {3B38EB55-4C2B-4208-8A1A-91EBB35A64CF}
		{DA9E6A81-7580-4807-9392-92DD10AC0F8C} = {55CD739B-53E4-4EFD-84A6-7A178127A754}
		{0185D759-7BF6-4CBB-85BA-9BA091CAE3B4} = {1300B31A-D360-4B48-8F13-D60F24BD6074}
		{DE07CE74-5870-4EC6-9699-9EFA8D0AEBC1} = {1300B31A-D360-4B48-8F13-D60F24BD6074}
		{550C0EEF-D826-4032-9C49-88B8F7868230} = {1300B31A-D360-4B48-8F13-D60F24BD6074}
		{E8D6BD3B-FABD-4C01-9DD9-C3D5BECF4F44} = {1300B31A-D360-4B48-8F13-D60F24BD6074}
		{716047C8-4271-4223-A1D0-F35E58E7C3BC} = {1300B31A-D360-4B48-8F13-D60F24BD6074}
	EndGlobalSection
	GlobalSection(ExtensibilityGlobals) = postSolution
		SolutionGuid = {2AF9839B-1F28-4267-927A-F888045F1BF6}
	EndGlobalSection
EndGlobal
